
Microsoft Visual Studio Solution File, Format Version 12.00
# Visual Studio Version 16
VisualStudioVersion = 16.0.31105.61
MinimumVisualStudioVersion = 10.0.40219.1
Project("{8BC9CEB8-8B4A-11D0-8D11-00A0C91BC942}") = "Project02", "Project02\Project02.vcxproj", "{C1D4958A-5E7E-45F4-9622-A235D383C70E}"
EndProject
Project("{8BC9CEB8-8B4A-11D0-8D11-00A0C91BC942}") = "Project03", "Project03\Project03.vcxproj", "{B9588F1F-3D2A-494C-946F-0CB9EC6E5C72}"
EndProject
Project("{8BC9CEB8-8B4A-11D0-8D11-00A0C91BC942}") = "Project04", "Project04\Project04.vcxproj", "{8EC6514D-3697-4272-A460-6C54DEDC3A56}"
EndProject
Project("{8BC9CEB8-8B4A-11D0-8D11-00A0C91BC942}") = "Project05", "Project05\Project05.vcxproj", "{25175937-C0FF-4BE4-ACEF-79BB0C3B35F9}"
EndProject
Project("{8BC9CEB8-8B4A-11D0-8D11-00A0C91BC942}") = "Project06", "Project06\Project06.vcxproj", "{C019574A-FA0A-453A-8B99-D3970B09DF54}"
EndProject
Project("{8BC9CEB8-8B4A-11D0-8D11-00A0C91BC942}") = "Project08", "Project08\Project08.vcxproj", "{CE1D73EB-9B7B-4120-ACB4-743FFB5E6D47}"
EndProject
Project("{8BC9CEB8-8B4A-11D0-8D11-00A0C91BC942}") = "Project09", "Project09\Project09.vcxproj", "{F352A456-67AC-4190-8C90-50488429F54A}"
EndProject
Project("{8BC9CEB8-8B4A-11D0-8D11-00A0C91BC942}") = "Project10", "Project10\Project10.vcxproj", "{A22A4C41-F3D6-49FD-B3EC-C5EEA491FB06}"
EndProject
Project("{8BC9CEB8-8B4A-11D0-8D11-00A0C91BC942}") = "Project11", "Project11\Project11.vcxproj", "{63B7C829-20D4-421C-B3FC-E995188AF3AC}"
EndProject
Project("{8BC9CEB8-8B4A-11D0-8D11-00A0C91BC942}") = "Project12", "Project12\Project12.vcxproj", "{B5F4E607-08A3-403E-8780-75BBCC7AEA98}"
EndProject
Project("{8BC9CEB8-8B4A-11D0-8D11-00A0C91BC942}") = "Project13", "Project13\Project13.vcxproj", "{D9307013-1E97-4DD4-A053-FB8E6E3F1E70}"
EndProject
Project("{8BC9CEB8-8B4A-11D0-8D11-00A0C91BC942}") = "Project14", "Project14\Project14.vcxproj", "{66C8CF6F-BD5C-48E4-804B-8D2A4047334A}"
EndProject
Project("{8BC9CEB8-8B4A-11D0-8D11-00A0C91BC942}") = "Project15", "Project15\Project15.vcxproj", "{7DE76492-0E35-43FE-892A-5265A4861ED2}"
EndProject
Project("{8BC9CEB8-8B4A-11D0-8D11-00A0C91BC942}") = "Project16", "Project16\Project16.vcxproj", "{AB78821D-B4DD-432D-BE0B-DF273D5B100A}"
EndProject
Project("{8BC9CEB8-8B4A-11D0-8D11-00A0C91BC942}") = "Project17", "Project17\Project17.vcxproj", "{EA531E4D-0229-4D08-808E-AC7EC4B6F7CF}"
EndProject
Project("{8BC9CEB8-8B4A-11D0-8D11-00A0C91BC942}") = "Project18", "Project18\Project18.vcxproj", "{C1A125E3-72EA-4D24-B306-197AD61BB28C}"
EndProject
Project("{8BC9CEB8-8B4A-11D0-8D11-00A0C91BC942}") = "Project19", "Project19\Project19.vcxproj", "{C8985431-FEE7-431F-9129-1D082392AC3D}"
EndProject
Global
	GlobalSection(SolutionConfigurationPlatforms) = preSolution
		Debug|x64 = Debug|x64
		Debug|x86 = Debug|x86
		Release|x64 = Release|x64
		Release|x86 = Release|x86
	EndGlobalSection
	GlobalSection(ProjectConfigurationPlatforms) = postSolution
		{C1D4958A-5E7E-45F4-9622-A235D383C70E}.Debug|x64.ActiveCfg = Debug|x64
		{C1D4958A-5E7E-45F4-9622-A235D383C70E}.Debug|x64.Build.0 = Debug|x64
		{C1D4958A-5E7E-45F4-9622-A235D383C70E}.Debug|x86.ActiveCfg = Debug|Win32
		{C1D4958A-5E7E-45F4-9622-A235D383C70E}.Debug|x86.Build.0 = Debug|Win32
		{C1D4958A-5E7E-45F4-9622-A235D383C70E}.Release|x64.ActiveCfg = Release|x64
		{C1D4958A-5E7E-45F4-9622-A235D383C70E}.Release|x64.Build.0 = Release|x64
		{C1D4958A-5E7E-45F4-9622-A235D383C70E}.Release|x86.ActiveCfg = Release|Win32
		{C1D4958A-5E7E-45F4-9622-A235D383C70E}.Release|x86.Build.0 = Release|Win32
		{B9588F1F-3D2A-494C-946F-0CB9EC6E5C72}.Debug|x64.ActiveCfg = Debug|x64
		{B9588F1F-3D2A-494C-946F-0CB9EC6E5C72}.Debug|x64.Build.0 = Debug|x64
		{B9588F1F-3D2A-494C-946F-0CB9EC6E5C72}.Debug|x86.ActiveCfg = Debug|Win32
		{B9588F1F-3D2A-494C-946F-0CB9EC6E5C72}.Debug|x86.Build.0 = Debug|Win32
		{B9588F1F-3D2A-494C-946F-0CB9EC6E5C72}.Release|x64.ActiveCfg = Release|x64
		{B9588F1F-3D2A-494C-946F-0CB9EC6E5C72}.Release|x64.Build.0 = Release|x64
		{B9588F1F-3D2A-494C-946F-0CB9EC6E5C72}.Release|x86.ActiveCfg = Release|Win32
		{B9588F1F-3D2A-494C-946F-0CB9EC6E5C72}.Release|x86.Build.0 = Release|Win32
		{8EC6514D-3697-4272-A460-6C54DEDC3A56}.Debug|x64.ActiveCfg = Debug|x64
		{8EC6514D-3697-4272-A460-6C54DEDC3A56}.Debug|x64.Build.0 = Debug|x64
		{8EC6514D-3697-4272-A460-6C54DEDC3A56}.Debug|x86.ActiveCfg = Debug|Win32
		{8EC6514D-3697-4272-A460-6C54DEDC3A56}.Debug|x86.Build.0 = Debug|Win32
		{8EC6514D-3697-4272-A460-6C54DEDC3A56}.Release|x64.ActiveCfg = Release|x64
		{8EC6514D-3697-4272-A460-6C54DEDC3A56}.Release|x64.Build.0 = Release|x64
		{8EC6514D-3697-4272-A460-6C54DEDC3A56}.Release|x86.ActiveCfg = Release|Win32
		{8EC6514D-3697-4272-A460-6C54DEDC3A56}.Release|x86.Build.0 = Release|Win32
		{25175937-C0FF-4BE4-ACEF-79BB0C3B35F9}.Debug|x64.ActiveCfg = Debug|x64
		{25175937-C0FF-4BE4-ACEF-79BB0C3B35F9}.Debug|x64.Build.0 = Debug|x64
		{25175937-C0FF-4BE4-ACEF-79BB0C3B35F9}.Debug|x86.ActiveCfg = Debug|Win32
		{25175937-C0FF-4BE4-ACEF-79BB0C3B35F9}.Debug|x86.Build.0 = Debug|Win32
		{25175937-C0FF-4BE4-ACEF-79BB0C3B35F9}.Release|x64.ActiveCfg = Release|x64
		{25175937-C0FF-4BE4-ACEF-79BB0C3B35F9}.Release|x64.Build.0 = Release|x64
		{25175937-C0FF-4BE4-ACEF-79BB0C3B35F9}.Release|x86.ActiveCfg = Release|Win32
		{25175937-C0FF-4BE4-ACEF-79BB0C3B35F9}.Release|x86.Build.0 = Release|Win32
		{C019574A-FA0A-453A-8B99-D3970B09DF54}.Debug|x64.ActiveCfg = Debug|x64
		{C019574A-FA0A-453A-8B99-D3970B09DF54}.Debug|x64.Build.0 = Debug|x64
		{C019574A-FA0A-453A-8B99-D3970B09DF54}.Debug|x86.ActiveCfg = Debug|Win32
		{C019574A-FA0A-453A-8B99-D3970B09DF54}.Debug|x86.Build.0 = Debug|Win32
		{C019574A-FA0A-453A-8B99-D3970B09DF54}.Release|x64.ActiveCfg = Release|x64
		{C019574A-FA0A-453A-8B99-D3970B09DF54}.Release|x64.Build.0 = Release|x64
		{C019574A-FA0A-453A-8B99-D3970B09DF54}.Release|x86.ActiveCfg = Release|Win32
		{C019574A-FA0A-453A-8B99-D3970B09DF54}.Release|x86.Build.0 = Release|Win32
		{CE1D73EB-9B7B-4120-ACB4-743FFB5E6D47}.Debug|x64.ActiveCfg = Debug|x64
		{CE1D73EB-9B7B-4120-ACB4-743FFB5E6D47}.Debug|x64.Build.0 = Debug|x64
		{CE1D73EB-9B7B-4120-ACB4-743FFB5E6D47}.Debug|x86.ActiveCfg = Debug|Win32
		{CE1D73EB-9B7B-4120-ACB4-743FFB5E6D47}.Debug|x86.Build.0 = Debug|Win32
		{CE1D73EB-9B7B-4120-ACB4-743FFB5E6D47}.Release|x64.ActiveCfg = Release|x64
		{CE1D73EB-9B7B-4120-ACB4-743FFB5E6D47}.Release|x64.Build.0 = Release|x64
		{CE1D73EB-9B7B-4120-ACB4-743FFB5E6D47}.Release|x86.ActiveCfg = Release|Win32
		{CE1D73EB-9B7B-4120-ACB4-743FFB5E6D47}.Release|x86.Build.0 = Release|Win32
		{F352A456-67AC-4190-8C90-50488429F54A}.Debug|x64.ActiveCfg = Debug|x64
		{F352A456-67AC-4190-8C90-50488429F54A}.Debug|x64.Build.0 = Debug|x64
		{F352A456-67AC-4190-8C90-50488429F54A}.Debug|x86.ActiveCfg = Debug|Win32
		{F352A456-67AC-4190-8C90-50488429F54A}.Debug|x86.Build.0 = Debug|Win32
		{F352A456-67AC-4190-8C90-50488429F54A}.Release|x64.ActiveCfg = Release|x64
		{F352A456-67AC-4190-8C90-50488429F54A}.Release|x64.Build.0 = Release|x64
		{F352A456-67AC-4190-8C90-50488429F54A}.Release|x86.ActiveCfg = Release|Win32
		{F352A456-67AC-4190-8C90-50488429F54A}.Release|x86.Build.0 = Release|Win32
		{A22A4C41-F3D6-49FD-B3EC-C5EEA491FB06}.Debug|x64.ActiveCfg = Debug|x64
		{A22A4C41-F3D6-49FD-B3EC-C5EEA491FB06}.Debug|x64.Build.0 = Debug|x64
		{A22A4C41-F3D6-49FD-B3EC-C5EEA491FB06}.Debug|x86.ActiveCfg = Debug|Win32
		{A22A4C41-F3D6-49FD-B3EC-C5EEA491FB06}.Debug|x86.Build.0 = Debug|Win32
		{A22A4C41-F3D6-49FD-B3EC-C5EEA491FB06}.Release|x64.ActiveCfg = Release|x64
		{A22A4C41-F3D6-49FD-B3EC-C5EEA491FB06}.Release|x64.Build.0 = Release|x64
		{A22A4C41-F3D6-49FD-B3EC-C5EEA491FB06}.Release|x86.ActiveCfg = Release|Win32
		{A22A4C41-F3D6-49FD-B3EC-C5EEA491FB06}.Release|x86.Build.0 = Release|Win32
		{63B7C829-20D4-421C-B3FC-E995188AF3AC}.Debug|x64.ActiveCfg = Debug|x64
		{63B7C829-20D4-421C-B3FC-E995188AF3AC}.Debug|x64.Build.0 = Debug|x64
		{63B7C829-20D4-421C-B3FC-E995188AF3AC}.Debug|x86.ActiveCfg = Debug|Win32
		{63B7C829-20D4-421C-B3FC-E995188AF3AC}.Debug|x86.Build.0 = Debug|Win32
		{63B7C829-20D4-421C-B3FC-E995188AF3AC}.Release|x64.ActiveCfg = Release|x64
		{63B7C829-20D4-421C-B3FC-E995188AF3AC}.Release|x64.Build.0 = Release|x64
		{63B7C829-20D4-421C-B3FC-E995188AF3AC}.Release|x86.ActiveCfg = Release|Win32
		{63B7C829-20D4-421C-B3FC-E995188AF3AC}.Release|x86.Build.0 = Release|Win32
		{B5F4E607-08A3-403E-8780-75BBCC7AEA98}.Debug|x64.ActiveCfg = Debug|x64
		{B5F4E607-08A3-403E-8780-75BBCC7AEA98}.Debug|x64.Build.0 = Debug|x64
		{B5F4E607-08A3-403E-8780-75BBCC7AEA98}.Debug|x86.ActiveCfg = Debug|Win32
		{B5F4E607-08A3-403E-8780-75BBCC7AEA98}.Debug|x86.Build.0 = Debug|Win32
		{B5F4E607-08A3-403E-8780-75BBCC7AEA98}.Release|x64.ActiveCfg = Release|x64
		{B5F4E607-08A3-403E-8780-75BBCC7AEA98}.Release|x64.Build.0 = Release|x64
		{B5F4E607-08A3-403E-8780-75BBCC7AEA98}.Release|x86.ActiveCfg = Release|Win32
		{B5F4E607-08A3-403E-8780-75BBCC7AEA98}.Release|x86.Build.0 = Release|Win32
		{D9307013-1E97-4DD4-A053-FB8E6E3F1E70}.Debug|x64.ActiveCfg = Debug|x64
		{D9307013-1E97-4DD4-A053-FB8E6E3F1E70}.Debug|x64.Build.0 = Debug|x64
		{D9307013-1E97-4DD4-A053-FB8E6E3F1E70}.Debug|x86.ActiveCfg = Debug|Win32
		{D9307013-1E97-4DD4-A053-FB8E6E3F1E70}.Debug|x86.Build.0 = Debug|Win32
		{D9307013-1E97-4DD4-A053-FB8E6E3F1E70}.Release|x64.ActiveCfg = Release|x64
		{D9307013-1E97-4DD4-A053-FB8E6E3F1E70}.Release|x64.Build.0 = Release|x64
		{D9307013-1E97-4DD4-A053-FB8E6E3F1E70}.Release|x86.ActiveCfg = Release|Win32
		{D9307013-1E97-4DD4-A053-FB8E6E3F1E70}.Release|x86.Build.0 = Release|Win32
		{66C8CF6F-BD5C-48E4-804B-8D2A4047334A}.Debug|x64.ActiveCfg = Debug|x64
		{66C8CF6F-BD5C-48E4-804B-8D2A4047334A}.Debug|x64.Build.0 = Debug|x64
		{66C8CF6F-BD5C-48E4-804B-8D2A4047334A}.Debug|x86.ActiveCfg = Debug|Win32
		{66C8CF6F-BD5C-48E4-804B-8D2A4047334A}.Debug|x86.Build.0 = Debug|Win32
		{66C8CF6F-BD5C-48E4-804B-8D2A4047334A}.Release|x64.ActiveCfg = Release|x64
		{66C8CF6F-BD5C-48E4-804B-8D2A4047334A}.Release|x64.Build.0 = Release|x64
		{66C8CF6F-BD5C-48E4-804B-8D2A4047334A}.Release|x86.ActiveCfg = Release|Win32
		{66C8CF6F-BD5C-48E4-804B-8D2A4047334A}.Release|x86.Build.0 = Release|Win32
		{7DE76492-0E35-43FE-892A-5265A4861ED2}.Debug|x64.ActiveCfg = Debug|x64
		{7DE76492-0E35-43FE-892A-5265A4861ED2}.Debug|x64.Build.0 = Debug|x64
		{7DE76492-0E35-43FE-892A-5265A4861ED2}.Debug|x86.ActiveCfg = Debug|Win32
		{7DE76492-0E35-43FE-892A-5265A4861ED2}.Debug|x86.Build.0 = Debug|Win32
		{7DE76492-0E35-43FE-892A-5265A4861ED2}.Release|x64.ActiveCfg = Release|x64
		{7DE76492-0E35-43FE-892A-5265A4861ED2}.Release|x64.Build.0 = Release|x64
		{7DE76492-0E35-43FE-892A-5265A4861ED2}.Release|x86.ActiveCfg = Release|Win32
		{7DE76492-0E35-43FE-892A-5265A4861ED2}.Release|x86.Build.0 = Release|Win32
		{AB78821D-B4DD-432D-BE0B-DF273D5B100A}.Debug|x64.ActiveCfg = Debug|x64
		{AB78821D-B4DD-432D-BE0B-DF273D5B100A}.Debug|x64.Build.0 = Debug|x64
		{AB78821D-B4DD-432D-BE0B-DF273D5B100A}.Debug|x86.ActiveCfg = Debug|Win32
		{AB78821D-B4DD-432D-BE0B-DF273D5B100A}.Debug|x86.Build.0 = Debug|Win32
		{AB78821D-B4DD-432D-BE0B-DF273D5B100A}.Release|x64.ActiveCfg = Release|x64
		{AB78821D-B4DD-432D-BE0B-DF273D5B100A}.Release|x64.Build.0 = Release|x64
		{AB78821D-B4DD-432D-BE0B-DF273D5B100A}.Release|x86.ActiveCfg = Release|Win32
		{AB78821D-B4DD-432D-BE0B-DF273D5B100A}.Release|x86.Build.0 = Release|Win32
		{EA531E4D-0229-4D08-808E-AC7EC4B6F7CF}.Debug|x64.ActiveCfg = Debug|x64
		{EA531E4D-0229-4D08-808E-AC7EC4B6F7CF}.Debug|x64.Build.0 = Debug|x64
		{EA531E4D-0229-4D08-808E-AC7EC4B6F7CF}.Debug|x86.ActiveCfg = Debug|Win32
		{EA531E4D-0229-4D08-808E-AC7EC4B6F7CF}.Debug|x86.Build.0 = Debug|Win32
		{EA531E4D-0229-4D08-808E-AC7EC4B6F7CF}.Release|x64.ActiveCfg = Release|x64
		{EA531E4D-0229-4D08-808E-AC7EC4B6F7CF}.Release|x64.Build.0 = Release|x64
		{EA531E4D-0229-4D08-808E-AC7EC4B6F7CF}.Release|x86.ActiveCfg = Release|Win32
		{EA531E4D-0229-4D08-808E-AC7EC4B6F7CF}.Release|x86.Build.0 = Release|Win32
		{C1A125E3-72EA-4D24-B306-197AD61BB28C}.Debug|x64.ActiveCfg = Debug|x64
		{C1A125E3-72EA-4D24-B306-197AD61BB28C}.Debug|x64.Build.0 = Debug|x64
		{C1A125E3-72EA-4D24-B306-197AD61BB28C}.Debug|x86.ActiveCfg = Debug|Win32
		{C1A125E3-72EA-4D24-B306-197AD61BB28C}.Debug|x86.Build.0 = Debug|Win32
		{C1A125E3-72EA-4D24-B306-197AD61BB28C}.Release|x64.ActiveCfg = Release|x64
		{C1A125E3-72EA-4D24-B306-197AD61BB28C}.Release|x64.Build.0 = Release|x64
		{C1A125E3-72EA-4D24-B306-197AD61BB28C}.Release|x86.ActiveCfg = Release|Win32
		{C1A125E3-72EA-4D24-B306-197AD61BB28C}.Release|x86.Build.0 = Release|Win32
		{C8985431-FEE7-431F-9129-1D082392AC3D}.Debug|x64.ActiveCfg = Debug|x64
		{C8985431-FEE7-431F-9129-1D082392AC3D}.Debug|x64.Build.0 = Debug|x64
		{C8985431-FEE7-431F-9129-1D082392AC3D}.Debug|x86.ActiveCfg = Debug|Win32
		{C8985431-FEE7-431F-9129-1D082392AC3D}.Debug|x86.Build.0 = Debug|Win32
		{C8985431-FEE7-431F-9129-1D082392AC3D}.Release|x64.ActiveCfg = Release|x64
		{C8985431-FEE7-431F-9129-1D082392AC3D}.Release|x64.Build.0 = Release|x64
		{C8985431-FEE7-431F-9129-1D082392AC3D}.Release|x86.ActiveCfg = Release|Win32
		{C8985431-FEE7-431F-9129-1D082392AC3D}.Release|x86.Build.0 = Release|Win32
	EndGlobalSection
	GlobalSection(SolutionProperties) = preSolution
		HideSolutionNode = FALSE
	EndGlobalSection
	GlobalSection(ExtensibilityGlobals) = postSolution
		SolutionGuid = {052FD3C4-F56B-4483-88EC-B09DBEB9F3E0}
	EndGlobalSection
EndGlobal
