
Microsoft Visual Studio Solution File, Format Version 12.00
# Visual Studio Version 16
VisualStudioVersion = 16.0.31105.61
MinimumVisualStudioVersion = 10.0.40219.1
Project("{8BC9CEB8-8B4A-11D0-8D11-00A0C91BC942}") = "Project09", "Project09.vcxproj", "{F352A456-67AC-4190-8C90-50488429F54A}"
EndProject
Global
	GlobalSection(SolutionConfigurationPlatforms) = preSolution
		Debug|x64 = Debug|x64
		Debug|x86 = Debug|x86
		Release|x64 = Release|x64
		Release|x86 = Release|x86
	EndGlobalSection
	GlobalSection(ProjectConfigurationPlatforms) = postSolution
		{F352A456-67AC-4190-8C90-50488429F54A}.Debug|x64.ActiveCfg = Debug|x64
		{F352A456-67AC-4190-8C90-50488429F54A}.Debug|x64.Build.0 = Debug|x64
		{F352A456-67AC-4190-8C90-50488429F54A}.Debug|x86.ActiveCfg = Debug|Win32
		{F352A456-67AC-4190-8C90-50488429F54A}.Debug|x86.Build.0 = Debug|Win32
		{F352A456-67AC-4190-8C90-50488429F54A}.Release|x64.ActiveCfg = Release|x64
		{F352A456-67AC-4190-8C90-50488429F54A}.Release|x64.Build.0 = Release|x64
		{F352A456-67AC-4190-8C90-50488429F54A}.Release|x86.ActiveCfg = Release|Win32
		{F352A456-67AC-4190-8C90-50488429F54A}.Release|x86.Build.0 = Release|Win32
	EndGlobalSection
	GlobalSection(SolutionProperties) = preSolution
		HideSolutionNode = FALSE
	EndGlobalSection
	GlobalSection(ExtensibilityGlobals) = postSolution
		SolutionGuid = {80B0AD32-0747-418F-A308-619077EF20C5}
	EndGlobalSection
EndGlobal
